dependencies:
- name: tudux-common
  repository: file://../../tudux-common
  version: 0.1.0
- name: configserver
  repository: file://../../tudux-services/configserver
  version: 0.1.0
- name: eurekaserver
  repository: file://../../tudux-services/eurekaserver
  version: 0.1.0
- name: accounts
  repository: file://../../tudux-services/accounts
  version: 0.1.0
- name: cards
  repository: file://../../tudux-services/cards
  version: 0.1.0
- name: loans
  repository: file://../../tudux-services/loans
  version: 0.1.0
- name: gatewayserver
  repository: file://../../tudux-services/gatewayserver
  version: 0.1.0
digest: sha256:1e41c18f1ea9ea68bea3d1903d61292d13dd41eda696f2147e116dc4015bedbb
generated: "2022-06-09T20:26:19.7147729-06:00"
